
Microsoft Visual Studio Solution File, Format Version 12.00
# Visual Studio Version 17
VisualStudioVersion = 17.8.34316.72
MinimumVisualStudioVersion = 10.0.40219.1
Project("{9A19103F-16F7-4668-BE54-9A1E7A4F7556}") = "Spacebox", "Spacebox\Spacebox.csproj", "{A955DEA3-CF14-4462-9B19-BC6B5F01CB9D}"
EndProject
Project("{9A19103F-16F7-4668-BE54-9A1E7A4F7556}") = "Spacebox.Tests", "Spacebox.Tests\Spacebox.Tests.csproj", "{E92F4E2A-1E46-4939-9B3D-5E853BE56E70}"
EndProject
Project("{9A19103F-16F7-4668-BE54-9A1E7A4F7556}") = "Spacebox.Benchmarks", "Spacebox.Benchmarks\Spacebox.Benchmarks.csproj", "{340FD748-E18E-4EDA-ADD7-9103F403483D}"
EndProject
Project("{9A19103F-16F7-4668-BE54-9A1E7A4F7556}") = "Engine", "Engine\Engine.csproj", "{4F2AFF6E-9AF0-49F0-A0F3-97B1302C4AF3}"
EndProject
Project("{9A19103F-16F7-4668-BE54-9A1E7A4F7556}") = "SpaceNetwork", "SpaceNetwork\SpaceNetwork.csproj", "{CF285AC0-904E-4BF7-A599-54DCB9E5DB38}"
EndProject
Project("{9A19103F-16F7-4668-BE54-9A1E7A4F7556}") = "SpaceServer", "SpaceServer\SpaceServer.csproj", "{F3B2AE0F-BBE1-4E2F-82E7-C0041CC6294E}"
EndProject
Project("{FAE04EC0-301F-11D3-BF4B-00C04F79EFBC}") = "SpaceServerUI", "SpaceServerUI\SpaceServerUI.csproj", "{5EF01B76-0A3A-4AF1-938F-A6D2684C126F}"
EndProject
Project("{FAE04EC0-301F-11D3-BF4B-00C04F79EFBC}") = "CommonLibrary", "CommonLibrary\CommonLibrary.csproj", "{73E77480-3BA4-4BCD-AD4C-D61000D724A5}"
EndProject
Global
	GlobalSection(SolutionConfigurationPlatforms) = preSolution
		Debug|Any CPU = Debug|Any CPU
		Debug|x64 = Debug|x64
		Debug|x86 = Debug|x86
		Release|Any CPU = Release|Any CPU
		Release|x64 = Release|x64
		Release|x86 = Release|x86
	EndGlobalSection
	GlobalSection(ProjectConfigurationPlatforms) = postSolution
		{A955DEA3-CF14-4462-9B19-BC6B5F01CB9D}.Debug|Any CPU.ActiveCfg = Debug|Any CPU
		{A955DEA3-CF14-4462-9B19-BC6B5F01CB9D}.Debug|Any CPU.Build.0 = Debug|Any CPU
		{A955DEA3-CF14-4462-9B19-BC6B5F01CB9D}.Debug|x64.ActiveCfg = Debug|Any CPU
		{A955DEA3-CF14-4462-9B19-BC6B5F01CB9D}.Debug|x64.Build.0 = Debug|Any CPU
		{A955DEA3-CF14-4462-9B19-BC6B5F01CB9D}.Debug|x86.ActiveCfg = Debug|Any CPU
		{A955DEA3-CF14-4462-9B19-BC6B5F01CB9D}.Debug|x86.Build.0 = Debug|Any CPU
		{A955DEA3-CF14-4462-9B19-BC6B5F01CB9D}.Release|Any CPU.ActiveCfg = Release|Any CPU
		{A955DEA3-CF14-4462-9B19-BC6B5F01CB9D}.Release|Any CPU.Build.0 = Release|Any CPU
		{A955DEA3-CF14-4462-9B19-BC6B5F01CB9D}.Release|x64.ActiveCfg = Release|Any CPU
		{A955DEA3-CF14-4462-9B19-BC6B5F01CB9D}.Release|x64.Build.0 = Release|Any CPU
		{A955DEA3-CF14-4462-9B19-BC6B5F01CB9D}.Release|x86.ActiveCfg = Release|Any CPU
		{A955DEA3-CF14-4462-9B19-BC6B5F01CB9D}.Release|x86.Build.0 = Release|Any CPU
		{E92F4E2A-1E46-4939-9B3D-5E853BE56E70}.Debug|Any CPU.ActiveCfg = Debug|Any CPU
		{E92F4E2A-1E46-4939-9B3D-5E853BE56E70}.Debug|Any CPU.Build.0 = Debug|Any CPU
		{E92F4E2A-1E46-4939-9B3D-5E853BE56E70}.Debug|x64.ActiveCfg = Debug|Any CPU
		{E92F4E2A-1E46-4939-9B3D-5E853BE56E70}.Debug|x64.Build.0 = Debug|Any CPU
		{E92F4E2A-1E46-4939-9B3D-5E853BE56E70}.Debug|x86.ActiveCfg = Debug|Any CPU
		{E92F4E2A-1E46-4939-9B3D-5E853BE56E70}.Debug|x86.Build.0 = Debug|Any CPU
		{E92F4E2A-1E46-4939-9B3D-5E853BE56E70}.Release|Any CPU.ActiveCfg = Release|Any CPU
		{E92F4E2A-1E46-4939-9B3D-5E853BE56E70}.Release|Any CPU.Build.0 = Release|Any CPU
		{E92F4E2A-1E46-4939-9B3D-5E853BE56E70}.Release|x64.ActiveCfg = Release|Any CPU
		{E92F4E2A-1E46-4939-9B3D-5E853BE56E70}.Release|x64.Build.0 = Release|Any CPU
		{E92F4E2A-1E46-4939-9B3D-5E853BE56E70}.Release|x86.ActiveCfg = Release|Any CPU
		{E92F4E2A-1E46-4939-9B3D-5E853BE56E70}.Release|x86.Build.0 = Release|Any CPU
		{340FD748-E18E-4EDA-ADD7-9103F403483D}.Debug|Any CPU.ActiveCfg = Debug|Any CPU
		{340FD748-E18E-4EDA-ADD7-9103F403483D}.Debug|Any CPU.Build.0 = Debug|Any CPU
		{340FD748-E18E-4EDA-ADD7-9103F403483D}.Debug|x64.ActiveCfg = Debug|Any CPU
		{340FD748-E18E-4EDA-ADD7-9103F403483D}.Debug|x64.Build.0 = Debug|Any CPU
		{340FD748-E18E-4EDA-ADD7-9103F403483D}.Debug|x86.ActiveCfg = Debug|Any CPU
		{340FD748-E18E-4EDA-ADD7-9103F403483D}.Debug|x86.Build.0 = Debug|Any CPU
		{340FD748-E18E-4EDA-ADD7-9103F403483D}.Release|Any CPU.ActiveCfg = Release|Any CPU
		{340FD748-E18E-4EDA-ADD7-9103F403483D}.Release|Any CPU.Build.0 = Release|Any CPU
		{340FD748-E18E-4EDA-ADD7-9103F403483D}.Release|x64.ActiveCfg = Release|Any CPU
		{340FD748-E18E-4EDA-ADD7-9103F403483D}.Release|x64.Build.0 = Release|Any CPU
		{340FD748-E18E-4EDA-ADD7-9103F403483D}.Release|x86.ActiveCfg = Release|Any CPU
		{340FD748-E18E-4EDA-ADD7-9103F403483D}.Release|x86.Build.0 = Release|Any CPU
		{4F2AFF6E-9AF0-49F0-A0F3-97B1302C4AF3}.Debug|Any CPU.ActiveCfg = Debug|Any CPU
		{4F2AFF6E-9AF0-49F0-A0F3-97B1302C4AF3}.Debug|Any CPU.Build.0 = Debug|Any CPU
		{4F2AFF6E-9AF0-49F0-A0F3-97B1302C4AF3}.Debug|x64.ActiveCfg = Debug|Any CPU
		{4F2AFF6E-9AF0-49F0-A0F3-97B1302C4AF3}.Debug|x64.Build.0 = Debug|Any CPU
		{4F2AFF6E-9AF0-49F0-A0F3-97B1302C4AF3}.Debug|x86.ActiveCfg = Debug|Any CPU
		{4F2AFF6E-9AF0-49F0-A0F3-97B1302C4AF3}.Debug|x86.Build.0 = Debug|Any CPU
		{4F2AFF6E-9AF0-49F0-A0F3-97B1302C4AF3}.Release|Any CPU.ActiveCfg = Release|Any CPU
		{4F2AFF6E-9AF0-49F0-A0F3-97B1302C4AF3}.Release|Any CPU.Build.0 = Release|Any CPU
		{4F2AFF6E-9AF0-49F0-A0F3-97B1302C4AF3}.Release|x64.ActiveCfg = Release|Any CPU
		{4F2AFF6E-9AF0-49F0-A0F3-97B1302C4AF3}.Release|x64.Build.0 = Release|Any CPU
		{4F2AFF6E-9AF0-49F0-A0F3-97B1302C4AF3}.Release|x86.ActiveCfg = Release|Any CPU
		{4F2AFF6E-9AF0-49F0-A0F3-97B1302C4AF3}.Release|x86.Build.0 = Release|Any CPU
		{CF285AC0-904E-4BF7-A599-54DCB9E5DB38}.Debug|Any CPU.ActiveCfg = Debug|Any CPU
		{CF285AC0-904E-4BF7-A599-54DCB9E5DB38}.Debug|Any CPU.Build.0 = Debug|Any CPU
		{CF285AC0-904E-4BF7-A599-54DCB9E5DB38}.Debug|x64.ActiveCfg = Debug|Any CPU
		{CF285AC0-904E-4BF7-A599-54DCB9E5DB38}.Debug|x64.Build.0 = Debug|Any CPU
		{CF285AC0-904E-4BF7-A599-54DCB9E5DB38}.Debug|x86.ActiveCfg = Debug|Any CPU
		{CF285AC0-904E-4BF7-A599-54DCB9E5DB38}.Debug|x86.Build.0 = Debug|Any CPU
		{CF285AC0-904E-4BF7-A599-54DCB9E5DB38}.Release|Any CPU.ActiveCfg = Release|Any CPU
		{CF285AC0-904E-4BF7-A599-54DCB9E5DB38}.Release|Any CPU.Build.0 = Release|Any CPU
		{CF285AC0-904E-4BF7-A599-54DCB9E5DB38}.Release|x64.ActiveCfg = Release|Any CPU
		{CF285AC0-904E-4BF7-A599-54DCB9E5DB38}.Release|x64.Build.0 = Release|Any CPU
		{CF285AC0-904E-4BF7-A599-54DCB9E5DB38}.Release|x86.ActiveCfg = Release|Any CPU
		{CF285AC0-904E-4BF7-A599-54DCB9E5DB38}.Release|x86.Build.0 = Release|Any CPU
		{F3B2AE0F-BBE1-4E2F-82E7-C0041CC6294E}.Debug|Any CPU.ActiveCfg = Debug|Any CPU
		{F3B2AE0F-BBE1-4E2F-82E7-C0041CC6294E}.Debug|Any CPU.Build.0 = Debug|Any CPU
		{F3B2AE0F-BBE1-4E2F-82E7-C0041CC6294E}.Debug|x64.ActiveCfg = Debug|Any CPU
		{F3B2AE0F-BBE1-4E2F-82E7-C0041CC6294E}.Debug|x64.Build.0 = Debug|Any CPU
		{F3B2AE0F-BBE1-4E2F-82E7-C0041CC6294E}.Debug|x86.ActiveCfg = Debug|Any CPU
		{F3B2AE0F-BBE1-4E2F-82E7-C0041CC6294E}.Debug|x86.Build.0 = Debug|Any CPU
		{F3B2AE0F-BBE1-4E2F-82E7-C0041CC6294E}.Release|Any CPU.ActiveCfg = Release|Any CPU
		{F3B2AE0F-BBE1-4E2F-82E7-C0041CC6294E}.Release|Any CPU.Build.0 = Release|Any CPU
		{F3B2AE0F-BBE1-4E2F-82E7-C0041CC6294E}.Release|x64.ActiveCfg = Release|Any CPU
		{F3B2AE0F-BBE1-4E2F-82E7-C0041CC6294E}.Release|x64.Build.0 = Release|Any CPU
		{F3B2AE0F-BBE1-4E2F-82E7-C0041CC6294E}.Release|x86.ActiveCfg = Release|Any CPU
		{F3B2AE0F-BBE1-4E2F-82E7-C0041CC6294E}.Release|x86.Build.0 = Release|Any CPU
		{5EF01B76-0A3A-4AF1-938F-A6D2684C126F}.Debug|Any CPU.ActiveCfg = Debug|Any CPU
		{5EF01B76-0A3A-4AF1-938F-A6D2684C126F}.Debug|Any CPU.Build.0 = Debug|Any CPU
		{5EF01B76-0A3A-4AF1-938F-A6D2684C126F}.Debug|x64.ActiveCfg = Debug|Any CPU
		{5EF01B76-0A3A-4AF1-938F-A6D2684C126F}.Debug|x64.Build.0 = Debug|Any CPU
		{5EF01B76-0A3A-4AF1-938F-A6D2684C126F}.Debug|x86.ActiveCfg = Debug|Any CPU
		{5EF01B76-0A3A-4AF1-938F-A6D2684C126F}.Debug|x86.Build.0 = Debug|Any CPU
		{5EF01B76-0A3A-4AF1-938F-A6D2684C126F}.Release|Any CPU.ActiveCfg = Release|Any CPU
		{5EF01B76-0A3A-4AF1-938F-A6D2684C126F}.Release|Any CPU.Build.0 = Release|Any CPU
		{5EF01B76-0A3A-4AF1-938F-A6D2684C126F}.Release|x64.ActiveCfg = Release|Any CPU
		{5EF01B76-0A3A-4AF1-938F-A6D2684C126F}.Release|x64.Build.0 = Release|Any CPU
		{5EF01B76-0A3A-4AF1-938F-A6D2684C126F}.Release|x86.ActiveCfg = Release|Any CPU
		{5EF01B76-0A3A-4AF1-938F-A6D2684C126F}.Release|x86.Build.0 = Release|Any CPU
		{73E77480-3BA4-4BCD-AD4C-D61000D724A5}.Debug|Any CPU.ActiveCfg = Debug|Any CPU
		{73E77480-3BA4-4BCD-AD4C-D61000D724A5}.Debug|Any CPU.Build.0 = Debug|Any CPU
		{73E77480-3BA4-4BCD-AD4C-D61000D724A5}.Debug|x64.ActiveCfg = Debug|Any CPU
		{73E77480-3BA4-4BCD-AD4C-D61000D724A5}.Debug|x64.Build.0 = Debug|Any CPU
		{73E77480-3BA4-4BCD-AD4C-D61000D724A5}.Debug|x86.ActiveCfg = Debug|Any CPU
		{73E77480-3BA4-4BCD-AD4C-D61000D724A5}.Debug|x86.Build.0 = Debug|Any CPU
		{73E77480-3BA4-4BCD-AD4C-D61000D724A5}.Release|Any CPU.ActiveCfg = Release|Any CPU
		{73E77480-3BA4-4BCD-AD4C-D61000D724A5}.Release|Any CPU.Build.0 = Release|Any CPU
		{73E77480-3BA4-4BCD-AD4C-D61000D724A5}.Release|x64.ActiveCfg = Release|Any CPU
		{73E77480-3BA4-4BCD-AD4C-D61000D724A5}.Release|x64.Build.0 = Release|Any CPU
		{73E77480-3BA4-4BCD-AD4C-D61000D724A5}.Release|x86.ActiveCfg = Release|Any CPU
		{73E77480-3BA4-4BCD-AD4C-D61000D724A5}.Release|x86.Build.0 = Release|Any CPU
	EndGlobalSection
	GlobalSection(SolutionProperties) = preSolution
		HideSolutionNode = FALSE
	EndGlobalSection
	GlobalSection(ExtensibilityGlobals) = postSolution
		SolutionGuid = {91ADBC6E-F0EA-4D64-93DF-ACEDA23BEC28}
	EndGlobalSection
EndGlobal
